
Microsoft Visual Studio Solution File, Format Version 12.00
# Visual Studio Version 17
VisualStudioVersion = 17.9.34607.119
MinimumVisualStudioVersion = 10.0.40219.1
Project("{FAE04EC0-301F-11D3-BF4B-00C04F79EFBC}") = "ISECice", "ISECice\ISECice.csproj", "{B0959290-952E-4C0D-9A8D-E754C191B3F0}"
EndProject
Global
	GlobalSection(SolutionConfigurationPlatforms) = preSolution
		Debug|Any CPU = Debug|Any CPU
		Release|Any CPU = Release|Any CPU
	EndGlobalSection
	GlobalSection(ProjectConfigurationPlatforms) = postSolution
		{B0959290-952E-4C0D-9A8D-E754C191B3F0}.Debug|Any CPU.ActiveCfg = Debug|Any CPU
		{B0959290-952E-4C0D-9A8D-E754C191B3F0}.Debug|Any CPU.Build.0 = Debug|Any CPU
		{B0959290-952E-4C0D-9A8D-E754C191B3F0}.Release|Any CPU.ActiveCfg = Release|Any CPU
		{B0959290-952E-4C0D-9A8D-E754C191B3F0}.Release|Any CPU.Build.0 = Release|Any CPU
	EndGlobalSection
	GlobalSection(SolutionProperties) = preSolution
		HideSolutionNode = FALSE
	EndGlobalSection
	GlobalSection(ExtensibilityGlobals) = postSolution
		SolutionGuid = {47CEE10B-A8E8-4CAD-BC12-9C4B37DD6314}
	EndGlobalSection
EndGlobal
